
Microsoft Visual Studio Solution File, Format Version 12.00
# Visual Studio 15
VisualStudioVersion = 15.0.27703.2018
MinimumVisualStudioVersion = 10.0.40219.1
Project("{A07B5EB6-E848-4116-A8D0-A826331D98C6}") = "Pluralsight.SfProd", "Pluralsight.SfProd\Pluralsight.SfProd.sfproj", "{9F3E8650-BEA3-46BE-9691-339FB4961FB4}"
EndProject
Project("{9A19103F-16F7-4668-BE54-9A1E7A4F7556}") = "Pluralsight.SfProd.WebApi", "Pluralsight.SfProd.WebApi\Pluralsight.SfProd.WebApi.csproj", "{5917F074-F083-44C2-99D7-A1B997FCBE45}"
EndProject
Project("{FAE04EC0-301F-11D3-BF4B-00C04F79EFBC}") = "Pluralsight.SfProd.WebSite", "Pluralsight.SfProd.WebSite\Pluralsight.SfProd.WebSite.csproj", "{6D878D4B-49DF-4515-A434-0946984C2B87}"
EndProject
Project("{FAE04EC0-301F-11D3-BF4B-00C04F79EFBC}") = "Pluralsight.SfProd.CpuBurner", "Pluralsight.SfProd.CpuBurner\Pluralsight.SfProd.CpuBurner.csproj", "{6C1BBDAC-B3C1-454D-9050-014A7E47868D}"
EndProject
Project("{FAE04EC0-301F-11D3-BF4B-00C04F79EFBC}") = "Pluralsight.SfProd.Contracts", "Pluralsight.SfProd.Contracts\Pluralsight.SfProd.Contracts.csproj", "{2F2EE7F0-1325-4022-A9EF-72BD13B9A601}"
EndProject
Global
	GlobalSection(SolutionConfigurationPlatforms) = preSolution
		Debug|Any CPU = Debug|Any CPU
		Debug|x64 = Debug|x64
		Release|Any CPU = Release|Any CPU
		Release|x64 = Release|x64
	EndGlobalSection
	GlobalSection(ProjectConfigurationPlatforms) = postSolution
		{9F3E8650-BEA3-46BE-9691-339FB4961FB4}.Debug|Any CPU.ActiveCfg = Debug|x64
		{9F3E8650-BEA3-46BE-9691-339FB4961FB4}.Debug|x64.ActiveCfg = Debug|x64
		{9F3E8650-BEA3-46BE-9691-339FB4961FB4}.Debug|x64.Build.0 = Debug|x64
		{9F3E8650-BEA3-46BE-9691-339FB4961FB4}.Debug|x64.Deploy.0 = Debug|x64
		{9F3E8650-BEA3-46BE-9691-339FB4961FB4}.Release|Any CPU.ActiveCfg = Release|x64
		{9F3E8650-BEA3-46BE-9691-339FB4961FB4}.Release|x64.ActiveCfg = Release|x64
		{9F3E8650-BEA3-46BE-9691-339FB4961FB4}.Release|x64.Build.0 = Release|x64
		{9F3E8650-BEA3-46BE-9691-339FB4961FB4}.Release|x64.Deploy.0 = Release|x64
		{5917F074-F083-44C2-99D7-A1B997FCBE45}.Debug|Any CPU.ActiveCfg = Debug|Any CPU
		{5917F074-F083-44C2-99D7-A1B997FCBE45}.Debug|Any CPU.Build.0 = Debug|Any CPU
		{5917F074-F083-44C2-99D7-A1B997FCBE45}.Debug|x64.ActiveCfg = Debug|Any CPU
		{5917F074-F083-44C2-99D7-A1B997FCBE45}.Debug|x64.Build.0 = Debug|Any CPU
		{5917F074-F083-44C2-99D7-A1B997FCBE45}.Release|Any CPU.ActiveCfg = Release|Any CPU
		{5917F074-F083-44C2-99D7-A1B997FCBE45}.Release|Any CPU.Build.0 = Release|Any CPU
		{5917F074-F083-44C2-99D7-A1B997FCBE45}.Release|x64.ActiveCfg = Release|Any CPU
		{5917F074-F083-44C2-99D7-A1B997FCBE45}.Release|x64.Build.0 = Release|Any CPU
		{6D878D4B-49DF-4515-A434-0946984C2B87}.Debug|Any CPU.ActiveCfg = Debug|Any CPU
		{6D878D4B-49DF-4515-A434-0946984C2B87}.Debug|Any CPU.Build.0 = Debug|Any CPU
		{6D878D4B-49DF-4515-A434-0946984C2B87}.Debug|x64.ActiveCfg = Debug|Any CPU
		{6D878D4B-49DF-4515-A434-0946984C2B87}.Debug|x64.Build.0 = Debug|Any CPU
		{6D878D4B-49DF-4515-A434-0946984C2B87}.Release|Any CPU.ActiveCfg = Release|Any CPU
		{6D878D4B-49DF-4515-A434-0946984C2B87}.Release|Any CPU.Build.0 = Release|Any CPU
		{6D878D4B-49DF-4515-A434-0946984C2B87}.Release|x64.ActiveCfg = Release|Any CPU
		{6D878D4B-49DF-4515-A434-0946984C2B87}.Release|x64.Build.0 = Release|Any CPU
		{6C1BBDAC-B3C1-454D-9050-014A7E47868D}.Debug|Any CPU.ActiveCfg = Debug|Any CPU
		{6C1BBDAC-B3C1-454D-9050-014A7E47868D}.Debug|Any CPU.Build.0 = Debug|Any CPU
		{6C1BBDAC-B3C1-454D-9050-014A7E47868D}.Debug|x64.ActiveCfg = Debug|Any CPU
		{6C1BBDAC-B3C1-454D-9050-014A7E47868D}.Debug|x64.Build.0 = Debug|Any CPU
		{6C1BBDAC-B3C1-454D-9050-014A7E47868D}.Release|Any CPU.ActiveCfg = Release|Any CPU
		{6C1BBDAC-B3C1-454D-9050-014A7E47868D}.Release|Any CPU.Build.0 = Release|Any CPU
		{6C1BBDAC-B3C1-454D-9050-014A7E47868D}.Release|x64.ActiveCfg = Release|Any CPU
		{6C1BBDAC-B3C1-454D-9050-014A7E47868D}.Release|x64.Build.0 = Release|Any CPU
		{2F2EE7F0-1325-4022-A9EF-72BD13B9A601}.Debug|Any CPU.ActiveCfg = Debug|Any CPU
		{2F2EE7F0-1325-4022-A9EF-72BD13B9A601}.Debug|Any CPU.Build.0 = Debug|Any CPU
		{2F2EE7F0-1325-4022-A9EF-72BD13B9A601}.Debug|x64.ActiveCfg = Debug|Any CPU
		{2F2EE7F0-1325-4022-A9EF-72BD13B9A601}.Debug|x64.Build.0 = Debug|Any CPU
		{2F2EE7F0-1325-4022-A9EF-72BD13B9A601}.Release|Any CPU.ActiveCfg = Release|Any CPU
		{2F2EE7F0-1325-4022-A9EF-72BD13B9A601}.Release|Any CPU.Build.0 = Release|Any CPU
		{2F2EE7F0-1325-4022-A9EF-72BD13B9A601}.Release|x64.ActiveCfg = Release|Any CPU
		{2F2EE7F0-1325-4022-A9EF-72BD13B9A601}.Release|x64.Build.0 = Release|Any CPU
	EndGlobalSection
	GlobalSection(SolutionProperties) = preSolution
		HideSolutionNode = FALSE
	EndGlobalSection
	GlobalSection(ExtensibilityGlobals) = postSolution
		SolutionGuid = {12F55BBF-A43F-4477-B08F-767FD533ECFE}
	EndGlobalSection
EndGlobal
